
Microsoft Visual Studio Solution File, Format Version 12.00
Project("{FAE04EC0-301F-11D3-BF4B-00C04F79EFBC}") = "UnderstandingTypes_01", "UnderstandingTypes_01\UnderstandingTypes_01.csproj", "{7DB30B23-B288-4B30-80E8-A068BFCE3E71}"
EndProject
Project("{FAE04EC0-301F-11D3-BF4B-00C04F79EFBC}") = "ArrayAndString_02", "ArrayAndString_02\ArrayAndString_02.csproj", "{C508A3A0-CD06-4BA7-8D87-1D4D5D6F247D}"
EndProject
Global
	GlobalSection(SolutionConfigurationPlatforms) = preSolution
		Debug|Any CPU = Debug|Any CPU
		Release|Any CPU = Release|Any CPU
	EndGlobalSection
	GlobalSection(ProjectConfigurationPlatforms) = postSolution
		{7DB30B23-B288-4B30-80E8-A068BFCE3E71}.Debug|Any CPU.ActiveCfg = Debug|Any CPU
		{7DB30B23-B288-4B30-80E8-A068BFCE3E71}.Debug|Any CPU.Build.0 = Debug|Any CPU
		{7DB30B23-B288-4B30-80E8-A068BFCE3E71}.Release|Any CPU.ActiveCfg = Release|Any CPU
		{7DB30B23-B288-4B30-80E8-A068BFCE3E71}.Release|Any CPU.Build.0 = Release|Any CPU
		{C508A3A0-CD06-4BA7-8D87-1D4D5D6F247D}.Debug|Any CPU.ActiveCfg = Debug|Any CPU
		{C508A3A0-CD06-4BA7-8D87-1D4D5D6F247D}.Debug|Any CPU.Build.0 = Debug|Any CPU
		{C508A3A0-CD06-4BA7-8D87-1D4D5D6F247D}.Release|Any CPU.ActiveCfg = Release|Any CPU
		{C508A3A0-CD06-4BA7-8D87-1D4D5D6F247D}.Release|Any CPU.Build.0 = Release|Any CPU
	EndGlobalSection
EndGlobal
